
Microsoft Visual Studio Solution File, Format Version 12.00
# Visual Studio Version 16
VisualStudioVersion = 16.0.30907.101
MinimumVisualStudioVersion = 10.0.40219.1
Project("{9A19103F-16F7-4668-BE54-9A1E7A4F7556}") = "elaMicroservicesGrpc", "elaMicroservicesGrpc.csproj", "{EA701389-61BA-4580-96FB-6B98E3B38A37}"
EndProject
Global
	GlobalSection(SolutionConfigurationPlatforms) = preSolution
		Debug|Any CPU = Debug|Any CPU
		Release|Any CPU = Release|Any CPU
	EndGlobalSection
	GlobalSection(ProjectConfigurationPlatforms) = postSolution
		{EA701389-61BA-4580-96FB-6B98E3B38A37}.Debug|Any CPU.ActiveCfg = Debug|Any CPU
		{EA701389-61BA-4580-96FB-6B98E3B38A37}.Debug|Any CPU.Build.0 = Debug|Any CPU
		{EA701389-61BA-4580-96FB-6B98E3B38A37}.Release|Any CPU.ActiveCfg = Release|Any CPU
		{EA701389-61BA-4580-96FB-6B98E3B38A37}.Release|Any CPU.Build.0 = Release|Any CPU
	EndGlobalSection
	GlobalSection(SolutionProperties) = preSolution
		HideSolutionNode = FALSE
	EndGlobalSection
	GlobalSection(ExtensibilityGlobals) = postSolution
		SolutionGuid = {ADD5B82B-3AA9-4795-B961-7A8FCA1AE421}
	EndGlobalSection
EndGlobal
